
Microsoft Visual Studio Solution File, Format Version 11.00
# Visual Studio 2010
Project("{8BC9CEB8-8B4A-11D0-8D11-00A0C91BC942}") = "MeshFrame", "MeshFrame\MeshFrame.vcxproj", "{1BB007F9-3927-4841-97CD-1D5276A01359}"
EndProject
Global
	GlobalSection(SolutionConfigurationPlatforms) = preSolution
		Debug|Win32 = Debug|Win32
		Release|Win32 = Release|Win32
	EndGlobalSection
	GlobalSection(ProjectConfigurationPlatforms) = postSolution
		{1BB007F9-3927-4841-97CD-1D5276A01359}.Debug|Win32.ActiveCfg = Debug|Win32
		{1BB007F9-3927-4841-97CD-1D5276A01359}.Debug|Win32.Build.0 = Debug|Win32
		{1BB007F9-3927-4841-97CD-1D5276A01359}.Release|Win32.ActiveCfg = Release|Win32
		{1BB007F9-3927-4841-97CD-1D5276A01359}.Release|Win32.Build.0 = Release|Win32
	EndGlobalSection
	GlobalSection(SolutionProperties) = preSolution
		HideSolutionNode = FALSE
	EndGlobalSection
EndGlobal
